{
    "_readme": [
        "This file locks the dependencies of your project to a known state",
        "Read more about it at https://getcomposer.org/doc/01-basic-usage.md#installing-dependencies",
        "This file is @generated automatically"
    ],
    "content-hash": "d60211333992cd8fcc5081ee2f0a2b38",
    "packages": [
        {
            "name": "nwidart/laravel-modules",
            "version": "v9.0.6",
            "source": {
                "type": "git",
                "url": "https://github.com/nWidart/laravel-modules.git",
                "reference": "a31b003b9e1dd100d2bcf7da7e036a758d33986d"
            },
            "dist": {
                "type": "zip",
                "url": "https://api.github.com/repos/nWidart/laravel-modules/zipball/a31b003b9e1dd100d2bcf7da7e036a758d33986d",
                "reference": "a31b003b9e1dd100d2bcf7da7e036a758d33986d",
                "shasum": ""
            },
            "require": {
                "ext-json": "*",
                "php": ">=8.0"
            },
            "require-dev": {
                "friendsofphp/php-cs-fixer": "^3.6",
                "laravel/framework": "^9.21",
                "mockery/mockery": "^1.4",
                "orchestra/testbench": "^7.0",
                "phpstan/phpstan": "^1.4",
                "phpunit/phpunit": "^9.5",
                "spatie/phpunit-snapshot-assertions": "^4.2"
            },
            "type": "library",
            "extra": {
                "laravel": {
                    "providers": [
                        "Nwidart\\Modules\\LaravelModulesServiceProvider"
                    ],
                    "aliases": {
                        "Module": "Nwidart\\Modules\\Facades\\Module"
                    }
                },
                "branch-alias": {
                    "dev-master": "9.0-dev"
                }
            },
            "autoload": {
                "files": [
                    "src/helpers.php"
                ],
                "psr-4": {
                    "Nwidart\\Modules\\": "src"
                }
            },
            "notification-url": "https://packagist.org/downloads/",
            "license": [
                "MIT"
            ],
            "authors": [
                {
                    "name": "Nicolas Widart",
                    "email": "n.widart@gmail.com",
                    "homepage": "https://nicolaswidart.com",
                    "role": "Developer"
                }
            ],
            "description": "Laravel Module management",
            "keywords": [
                "laravel",
                "module",
                "modules",
                "nwidart",
                "rad"
            ],
            "support": {
                "issues": "https://github.com/nWidart/laravel-modules/issues",
                "source": "https://github.com/nWidart/laravel-modules/tree/v9.0.6"
            },
            "funding": [
                {
                    "url": "https://github.com/nwidart",
                    "type": "github"
                }
            ],
            "time": "2022-10-28T11:50:28+00:00"
        }
    ],
    "packages-dev": [],
    "aliases": [],
    "minimum-stability": "stable",
    "stability-flags": [],
    "prefer-stable": false,
    "prefer-lowest": false,
    "platform": [],
    "platform-dev": [],
    "plugin-api-version": "2.3.0"
}
